
Microsoft Visual Studio Solution File, Format Version 12.00
# Visual Studio Version 16
VisualStudioVersion = 16.0.29201.188
MinimumVisualStudioVersion = 10.0.40219.1
Project("{8BC9CEB8-8B4A-11D0-8D11-00A0C91BC942}") = "finalproject", "finalproject.vcxproj", "{4B1E3A12-C672-4EC4-9B5F-6BC0B6A77090}"
EndProject
Global
	GlobalSection(SolutionConfigurationPlatforms) = preSolution
		Debug|x64 = Debug|x64
		Debug|x86 = Debug|x86
		Release|x64 = Release|x64
		Release|x86 = Release|x86
	EndGlobalSection
	GlobalSection(ProjectConfigurationPlatforms) = postSolution
		{4B1E3A12-C672-4EC4-9B5F-6BC0B6A77090}.Debug|x64.ActiveCfg = Debug|x64
		{4B1E3A12-C672-4EC4-9B5F-6BC0B6A77090}.Debug|x64.Build.0 = Debug|x64
		{4B1E3A12-C672-4EC4-9B5F-6BC0B6A77090}.Debug|x86.ActiveCfg = Debug|Win32
		{4B1E3A12-C672-4EC4-9B5F-6BC0B6A77090}.Debug|x86.Build.0 = Debug|Win32
		{4B1E3A12-C672-4EC4-9B5F-6BC0B6A77090}.Release|x64.ActiveCfg = Release|x64
		{4B1E3A12-C672-4EC4-9B5F-6BC0B6A77090}.Release|x64.Build.0 = Release|x64
		{4B1E3A12-C672-4EC4-9B5F-6BC0B6A77090}.Release|x86.ActiveCfg = Release|Win32
		{4B1E3A12-C672-4EC4-9B5F-6BC0B6A77090}.Release|x86.Build.0 = Release|Win32
	EndGlobalSection
	GlobalSection(SolutionProperties) = preSolution
		HideSolutionNode = FALSE
	EndGlobalSection
	GlobalSection(ExtensibilityGlobals) = postSolution
		SolutionGuid = {E36E134B-28CC-420A-9BE5-87077E6350C8}
	EndGlobalSection
EndGlobal
